{
  "requires": true,
  "lockfileVersion": 1,
  "dependencies": {
    "jquery": {
      "version": "3.2.1",
      "resolved": "https://registry.npmjs.org/jquery/-/jquery-3.2.1.tgz",
      "integrity": "sha1-XE2d5lKvbNCncBVKYxu6ErAVx4c="
    },
    "jquery-scrollify": {
      "version": "1.0.17",
      "resolved": "https://registry.npmjs.org/jquery-scrollify/-/jquery-scrollify-1.0.17.tgz",
      "integrity": "sha512-tPNM2D1Kak3b9Qni+N6yBYRg1VOufZg9IOFlw2L5PCQhXcyigxfsmOcfG5rnZuKe3bb4ziWsa4Y5FV0qXPqsqw==",
      "requires": {
        "jquery": "3.2.1"
      }
    }
  }
}
